
Microsoft Visual Studio Solution File, Format Version 12.00
# Visual Studio Version 17
VisualStudioVersion = 17.7.34302.85
MinimumVisualStudioVersion = 10.0.40219.1
Project("{8BC9CEB8-8B4A-11D0-8D11-00A0C91BC942}") = "MT4_Ver1.00", "MT4_Ver1.00.vcxproj", "{98F7B60F-B568-42F2-95D7-A83289108188}"
EndProject
Global
	GlobalSection(SolutionConfigurationPlatforms) = preSolution
		Debug|x64 = Debug|x64
		Release|x64 = Release|x64
	EndGlobalSection
	GlobalSection(ProjectConfigurationPlatforms) = postSolution
		{98F7B60F-B568-42F2-95D7-A83289108188}.Debug|x64.ActiveCfg = Debug|x64
		{98F7B60F-B568-42F2-95D7-A83289108188}.Debug|x64.Build.0 = Debug|x64
		{98F7B60F-B568-42F2-95D7-A83289108188}.Release|x64.ActiveCfg = Release|x64
		{98F7B60F-B568-42F2-95D7-A83289108188}.Release|x64.Build.0 = Release|x64
	EndGlobalSection
	GlobalSection(SolutionProperties) = preSolution
		HideSolutionNode = FALSE
	EndGlobalSection
	GlobalSection(ExtensibilityGlobals) = postSolution
		SolutionGuid = {FAE2361B-E79F-4AAA-A59F-EAB2356ED1FB}
	EndGlobalSection
EndGlobal
